
Microsoft Visual Studio Solution File, Format Version 12.00
# Visual Studio 15
VisualStudioVersion = 15.0.28010.2041
MinimumVisualStudioVersion = 10.0.40219.1
Project("{FAE04EC0-301F-11D3-BF4B-00C04F79EFBC}") = "CapstoneWebApplication", "CapstoneWebApplication\CapstoneWebApplication.csproj", "{B6708D97-94C4-41DE-A0CE-DC12614E1FCE}"
EndProject
Global
	GlobalSection(SolutionConfigurationPlatforms) = preSolution
		Debug|Any CPU = Debug|Any CPU
		Release|Any CPU = Release|Any CPU
	EndGlobalSection
	GlobalSection(ProjectConfigurationPlatforms) = postSolution
		{B6708D97-94C4-41DE-A0CE-DC12614E1FCE}.Debug|Any CPU.ActiveCfg = Debug|Any CPU
		{B6708D97-94C4-41DE-A0CE-DC12614E1FCE}.Debug|Any CPU.Build.0 = Debug|Any CPU
		{B6708D97-94C4-41DE-A0CE-DC12614E1FCE}.Release|Any CPU.ActiveCfg = Release|Any CPU
		{B6708D97-94C4-41DE-A0CE-DC12614E1FCE}.Release|Any CPU.Build.0 = Release|Any CPU
	EndGlobalSection
	GlobalSection(SolutionProperties) = preSolution
		HideSolutionNode = FALSE
	EndGlobalSection
	GlobalSection(ExtensibilityGlobals) = postSolution
		SolutionGuid = {78C966D2-32AD-4F9B-9230-1F6E410C2445}
	EndGlobalSection
EndGlobal
